
Microsoft Visual Studio Solution File, Format Version 12.00
# Visual Studio 2013
VisualStudioVersion = 12.0.40629.0
MinimumVisualStudioVersion = 10.0.40219.1
Project("{8BC9CEB8-8B4A-11D0-8D11-00A0C91BC942}") = "AgoraToken", "AgoraToken\AgoraToken.vcxproj", "{185FAC37-BED7-42BF-AE8E-E0A55BF3A3AE}"
EndProject
Project("{8BC9CEB8-8B4A-11D0-8D11-00A0C91BC942}") = "TestAgoraToken", "TestAgoraToken\TestAgoraToken.vcxproj", "{EBC7BC5E-4349-42AD-B955-56BA7DF1E5BC}"
EndProject
Project("{FAE04EC0-301F-11D3-BF4B-00C04F79EFBC}") = "TestToken_CSharp", "TestToken_CSharp\TestToken_CSharp.csproj", "{6FC23621-6C26-4784-9C2D-4DC8A669DC3E}"
EndProject
Global
	GlobalSection(SolutionConfigurationPlatforms) = preSolution
		Debug|Any CPU = Debug|Any CPU
		Debug|Mixed Platforms = Debug|Mixed Platforms
		Debug|Win32 = Debug|Win32
		Debug|x64 = Debug|x64
		Release|Any CPU = Release|Any CPU
		Release|Mixed Platforms = Release|Mixed Platforms
		Release|Win32 = Release|Win32
		Release|x64 = Release|x64
	EndGlobalSection
	GlobalSection(ProjectConfigurationPlatforms) = postSolution
		{185FAC37-BED7-42BF-AE8E-E0A55BF3A3AE}.Debug|Any CPU.ActiveCfg = Debug|Win32
		{185FAC37-BED7-42BF-AE8E-E0A55BF3A3AE}.Debug|Mixed Platforms.ActiveCfg = Debug|Win32
		{185FAC37-BED7-42BF-AE8E-E0A55BF3A3AE}.Debug|Mixed Platforms.Build.0 = Debug|Win32
		{185FAC37-BED7-42BF-AE8E-E0A55BF3A3AE}.Debug|Win32.ActiveCfg = Debug|Win32
		{185FAC37-BED7-42BF-AE8E-E0A55BF3A3AE}.Debug|Win32.Build.0 = Debug|Win32
		{185FAC37-BED7-42BF-AE8E-E0A55BF3A3AE}.Debug|x64.ActiveCfg = Debug|x64
		{185FAC37-BED7-42BF-AE8E-E0A55BF3A3AE}.Debug|x64.Build.0 = Debug|x64
		{185FAC37-BED7-42BF-AE8E-E0A55BF3A3AE}.Release|Any CPU.ActiveCfg = Release|Win32
		{185FAC37-BED7-42BF-AE8E-E0A55BF3A3AE}.Release|Mixed Platforms.ActiveCfg = Release|Win32
		{185FAC37-BED7-42BF-AE8E-E0A55BF3A3AE}.Release|Mixed Platforms.Build.0 = Release|Win32
		{185FAC37-BED7-42BF-AE8E-E0A55BF3A3AE}.Release|Win32.ActiveCfg = Release|Win32
		{185FAC37-BED7-42BF-AE8E-E0A55BF3A3AE}.Release|Win32.Build.0 = Release|Win32
		{185FAC37-BED7-42BF-AE8E-E0A55BF3A3AE}.Release|x64.ActiveCfg = Release|x64
		{185FAC37-BED7-42BF-AE8E-E0A55BF3A3AE}.Release|x64.Build.0 = Release|x64
		{EBC7BC5E-4349-42AD-B955-56BA7DF1E5BC}.Debug|Any CPU.ActiveCfg = Debug|Win32
		{EBC7BC5E-4349-42AD-B955-56BA7DF1E5BC}.Debug|Mixed Platforms.ActiveCfg = Debug|Win32
		{EBC7BC5E-4349-42AD-B955-56BA7DF1E5BC}.Debug|Mixed Platforms.Build.0 = Debug|Win32
		{EBC7BC5E-4349-42AD-B955-56BA7DF1E5BC}.Debug|Win32.ActiveCfg = Debug|Win32
		{EBC7BC5E-4349-42AD-B955-56BA7DF1E5BC}.Debug|Win32.Build.0 = Debug|Win32
		{EBC7BC5E-4349-42AD-B955-56BA7DF1E5BC}.Debug|x64.ActiveCfg = Debug|x64
		{EBC7BC5E-4349-42AD-B955-56BA7DF1E5BC}.Debug|x64.Build.0 = Debug|x64
		{EBC7BC5E-4349-42AD-B955-56BA7DF1E5BC}.Release|Any CPU.ActiveCfg = Release|Win32
		{EBC7BC5E-4349-42AD-B955-56BA7DF1E5BC}.Release|Mixed Platforms.ActiveCfg = Release|Win32
		{EBC7BC5E-4349-42AD-B955-56BA7DF1E5BC}.Release|Mixed Platforms.Build.0 = Release|Win32
		{EBC7BC5E-4349-42AD-B955-56BA7DF1E5BC}.Release|Win32.ActiveCfg = Release|Win32
		{EBC7BC5E-4349-42AD-B955-56BA7DF1E5BC}.Release|Win32.Build.0 = Release|Win32
		{EBC7BC5E-4349-42AD-B955-56BA7DF1E5BC}.Release|x64.ActiveCfg = Release|x64
		{EBC7BC5E-4349-42AD-B955-56BA7DF1E5BC}.Release|x64.Build.0 = Release|x64
		{6FC23621-6C26-4784-9C2D-4DC8A669DC3E}.Debug|Any CPU.ActiveCfg = Debug|Any CPU
		{6FC23621-6C26-4784-9C2D-4DC8A669DC3E}.Debug|Any CPU.Build.0 = Debug|Any CPU
		{6FC23621-6C26-4784-9C2D-4DC8A669DC3E}.Debug|Mixed Platforms.ActiveCfg = Debug|Any CPU
		{6FC23621-6C26-4784-9C2D-4DC8A669DC3E}.Debug|Mixed Platforms.Build.0 = Debug|Any CPU
		{6FC23621-6C26-4784-9C2D-4DC8A669DC3E}.Debug|Win32.ActiveCfg = Debug|Any CPU
		{6FC23621-6C26-4784-9C2D-4DC8A669DC3E}.Debug|x64.ActiveCfg = Debug|x64
		{6FC23621-6C26-4784-9C2D-4DC8A669DC3E}.Debug|x64.Build.0 = Debug|x64
		{6FC23621-6C26-4784-9C2D-4DC8A669DC3E}.Release|Any CPU.ActiveCfg = Release|Any CPU
		{6FC23621-6C26-4784-9C2D-4DC8A669DC3E}.Release|Any CPU.Build.0 = Release|Any CPU
		{6FC23621-6C26-4784-9C2D-4DC8A669DC3E}.Release|Mixed Platforms.ActiveCfg = Release|Any CPU
		{6FC23621-6C26-4784-9C2D-4DC8A669DC3E}.Release|Mixed Platforms.Build.0 = Release|Any CPU
		{6FC23621-6C26-4784-9C2D-4DC8A669DC3E}.Release|Win32.ActiveCfg = Release|Any CPU
		{6FC23621-6C26-4784-9C2D-4DC8A669DC3E}.Release|x64.ActiveCfg = Release|x64
		{6FC23621-6C26-4784-9C2D-4DC8A669DC3E}.Release|x64.Build.0 = Release|x64
	EndGlobalSection
	GlobalSection(SolutionProperties) = preSolution
		HideSolutionNode = FALSE
	EndGlobalSection
EndGlobal
